
Microsoft Visual Studio Solution File, Format Version 12.00
# Visual Studio Version 16
VisualStudioVersion = 16.0.31515.178
MinimumVisualStudioVersion = 10.0.40219.1
Project("{2150E333-8FDC-42A3-9474-1A3956D46DE8}") = "BuildingBlocks", "BuildingBlocks", "{3048C620-E82D-4917-8D38-95B23364A5C1}"
EndProject
Project("{2150E333-8FDC-42A3-9474-1A3956D46DE8}") = "Common", "Common", "{2AF3FAAD-7653-49F1-993E-0A06F034842B}"
EndProject
Project("{2150E333-8FDC-42A3-9474-1A3956D46DE8}") = "Gateways", "Gateways", "{BE9DE3F7-30F9-44CB-BA01-3BB6ACDE44DF}"
EndProject
Project("{2150E333-8FDC-42A3-9474-1A3956D46DE8}") = "Services", "Services", "{E2FDB7E7-6D9C-4964-B3AF-7E58F014FD73}"
EndProject
Project("{2150E333-8FDC-42A3-9474-1A3956D46DE8}") = "WebApps", "WebApps", "{43D588E8-48AB-4509-A003-54482C72C65D}"
EndProject
Project("{2150E333-8FDC-42A3-9474-1A3956D46DE8}") = "src", "src", "{4511CBB3-D40F-4C90-AD66-7A518823655B}"
EndProject
Project("{2150E333-8FDC-42A3-9474-1A3956D46DE8}") = "test", "test", "{4A8D0941-1BB6-4AD9-B12B-1D389C0823A3}"
EndProject
Project("{2150E333-8FDC-42A3-9474-1A3956D46DE8}") = "Register", "Register", "{0C223A1F-99EB-434C-8629-A4CF0434A781}"
EndProject
Project("{9A19103F-16F7-4668-BE54-9A1E7A4F7556}") = "Register.API", "src\Services\Register\Register.API\Register.API.csproj", "{C81C385F-4248-48D7-9AFE-D75FD3D86D0F}"
EndProject
Project("{9A19103F-16F7-4668-BE54-9A1E7A4F7556}") = "Register.Application", "src\Services\Register\Register.Application\Register.Application.csproj", "{F28210EA-1CF8-40C9-A231-FA031287E498}"
EndProject
Project("{9A19103F-16F7-4668-BE54-9A1E7A4F7556}") = "Register.Domain", "src\Services\Register\Register.Domain\Register.Domain.csproj", "{1B807E73-F5FE-433E-A968-B5AE5165C775}"
EndProject
Project("{9A19103F-16F7-4668-BE54-9A1E7A4F7556}") = "Register.Infra", "src\Services\Register\Register.Infra\Register.Infra.csproj", "{D2DE8536-7D16-47F4-B942-D973023CE62E}"
EndProject
Project("{2150E333-8FDC-42A3-9474-1A3956D46DE8}") = "tests", "tests", "{13528DED-926C-460E-B66A-6DA0E99405E8}"
EndProject
Global
	GlobalSection(SolutionConfigurationPlatforms) = preSolution
		Debug|Any CPU = Debug|Any CPU
		Release|Any CPU = Release|Any CPU
	EndGlobalSection
	GlobalSection(ProjectConfigurationPlatforms) = postSolution
		{C81C385F-4248-48D7-9AFE-D75FD3D86D0F}.Debug|Any CPU.ActiveCfg = Debug|Any CPU
		{C81C385F-4248-48D7-9AFE-D75FD3D86D0F}.Debug|Any CPU.Build.0 = Debug|Any CPU
		{C81C385F-4248-48D7-9AFE-D75FD3D86D0F}.Release|Any CPU.ActiveCfg = Release|Any CPU
		{C81C385F-4248-48D7-9AFE-D75FD3D86D0F}.Release|Any CPU.Build.0 = Release|Any CPU
		{F28210EA-1CF8-40C9-A231-FA031287E498}.Debug|Any CPU.ActiveCfg = Debug|Any CPU
		{F28210EA-1CF8-40C9-A231-FA031287E498}.Debug|Any CPU.Build.0 = Debug|Any CPU
		{F28210EA-1CF8-40C9-A231-FA031287E498}.Release|Any CPU.ActiveCfg = Release|Any CPU
		{F28210EA-1CF8-40C9-A231-FA031287E498}.Release|Any CPU.Build.0 = Release|Any CPU
		{1B807E73-F5FE-433E-A968-B5AE5165C775}.Debug|Any CPU.ActiveCfg = Debug|Any CPU
		{1B807E73-F5FE-433E-A968-B5AE5165C775}.Debug|Any CPU.Build.0 = Debug|Any CPU
		{1B807E73-F5FE-433E-A968-B5AE5165C775}.Release|Any CPU.ActiveCfg = Release|Any CPU
		{1B807E73-F5FE-433E-A968-B5AE5165C775}.Release|Any CPU.Build.0 = Release|Any CPU
		{D2DE8536-7D16-47F4-B942-D973023CE62E}.Debug|Any CPU.ActiveCfg = Debug|Any CPU
		{D2DE8536-7D16-47F4-B942-D973023CE62E}.Debug|Any CPU.Build.0 = Debug|Any CPU
		{D2DE8536-7D16-47F4-B942-D973023CE62E}.Release|Any CPU.ActiveCfg = Release|Any CPU
		{D2DE8536-7D16-47F4-B942-D973023CE62E}.Release|Any CPU.Build.0 = Release|Any CPU
	EndGlobalSection
	GlobalSection(SolutionProperties) = preSolution
		HideSolutionNode = FALSE
	EndGlobalSection
	GlobalSection(NestedProjects) = preSolution
		{3048C620-E82D-4917-8D38-95B23364A5C1} = {4511CBB3-D40F-4C90-AD66-7A518823655B}
		{2AF3FAAD-7653-49F1-993E-0A06F034842B} = {4511CBB3-D40F-4C90-AD66-7A518823655B}
		{BE9DE3F7-30F9-44CB-BA01-3BB6ACDE44DF} = {4511CBB3-D40F-4C90-AD66-7A518823655B}
		{E2FDB7E7-6D9C-4964-B3AF-7E58F014FD73} = {4511CBB3-D40F-4C90-AD66-7A518823655B}
		{43D588E8-48AB-4509-A003-54482C72C65D} = {4511CBB3-D40F-4C90-AD66-7A518823655B}
		{0C223A1F-99EB-434C-8629-A4CF0434A781} = {E2FDB7E7-6D9C-4964-B3AF-7E58F014FD73}
		{C81C385F-4248-48D7-9AFE-D75FD3D86D0F} = {0C223A1F-99EB-434C-8629-A4CF0434A781}
		{F28210EA-1CF8-40C9-A231-FA031287E498} = {0C223A1F-99EB-434C-8629-A4CF0434A781}
		{1B807E73-F5FE-433E-A968-B5AE5165C775} = {0C223A1F-99EB-434C-8629-A4CF0434A781}
		{D2DE8536-7D16-47F4-B942-D973023CE62E} = {0C223A1F-99EB-434C-8629-A4CF0434A781}
		{13528DED-926C-460E-B66A-6DA0E99405E8} = {0C223A1F-99EB-434C-8629-A4CF0434A781}
	EndGlobalSection
	GlobalSection(ExtensibilityGlobals) = postSolution
		SolutionGuid = {2C1991D6-C407-4145-BAEB-871BEC828327}
	EndGlobalSection
EndGlobal
